// !$*UTF8*$!
{
	archiveVersion = 1;
	classes = {
	};
	objectVersion = 46;
	objects = {

/* Begin PBXBuildFile section */
		0C3E4D10164B6C2000562F13 /* UIKit.framework in Frameworks */ = {isa = PBXBuildFile; fileRef = 0C3E4D0F164B6C2000562F13 /* UIKit.framework */; };
		0C3E4D12164B6C2000562F13 /* Foundation.framework in Frameworks */ = {isa = PBXBuildFile; fileRef = 0C3E4D11164B6C2000562F13 /* Foundation.framework */; };
		0C3E4D14164B6C2000562F13 /* CoreGraphics.framework in Frameworks */ = {isa = PBXBuildFile; fileRef = 0C3E4D13164B6C2000562F13 /* CoreGraphics.framework */; };
		0C3E4D1A164B6C2000562F13 /* InfoPlist.strings in Resources */ = {isa = PBXBuildFile; fileRef = 0C3E4D18164B6C2000562F13 /* InfoPlist.strings */; };
		0C3E4D1C164B6C2000562F13 /* main.m in Sources */ = {isa = PBXBuildFile; fileRef = 0C3E4D1B164B6C2000562F13 /* main.m */; };
		0C3E4D20164B6C2000562F13 /* kitakyuAppDelegate.m in Sources */ = {isa = PBXBuildFile; fileRef = 0C3E4D1F164B6C2000562F13 /* kitakyuAppDelegate.m */; };
		0C3E4D22164B6C2000562F13 /* Default.png in Resources */ = {isa = PBXBuildFile; fileRef = 0C3E4D21164B6C2000562F13 /* Default.png */; };
		0C3E4D24164B6C2000562F13 /* Default@2x.png in Resources */ = {isa = PBXBuildFile; fileRef = 0C3E4D23164B6C2000562F13 /* Default@2x.png */; };
		0C3E4D26164B6C2000562F13 /* Default-568h@2x.png in Resources */ = {isa = PBXBuildFile; fileRef = 0C3E4D25164B6C2000562F13 /* Default-568h@2x.png */; };
		0C3E4D29164B6C2100562F13 /* MainStoryboard.storyboard in Resources */ = {isa = PBXBuildFile; fileRef = 0C3E4D27164B6C2100562F13 /* MainStoryboard.storyboard */; };
		0C3E4D2C164B6C2100562F13 /* kitakyuViewController.m in Sources */ = {isa = PBXBuildFile; fileRef = 0C3E4D2B164B6C2100562F13 /* kitakyuViewController.m */; };
		0C3E4D34164B6C2100562F13 /* SenTestingKit.framework in Frameworks */ = {isa = PBXBuildFile; fileRef = 0C3E4D33164B6C2100562F13 /* SenTestingKit.framework */; };
		0C3E4D35164B6C2100562F13 /* UIKit.framework in Frameworks */ = {isa = PBXBuildFile; fileRef = 0C3E4D0F164B6C2000562F13 /* UIKit.framework */; };
		0C3E4D36164B6C2100562F13 /* Foundation.framework in Frameworks */ = {isa = PBXBuildFile; fileRef = 0C3E4D11164B6C2000562F13 /* Foundation.framework */; };
		0C3E4D3E164B6C2100562F13 /* InfoPlist.strings in Resources */ = {isa = PBXBuildFile; fileRef = 0C3E4D3C164B6C2100562F13 /* InfoPlist.strings */; };
		0C3E4D41164B6C2100562F13 /* computerTests.m in Sources */ = {isa = PBXBuildFile; fileRef = 0C3E4D40164B6C2100562F13 /* computerTests.m */; };
/* End PBXBuildFile section */

/* Begin PBXContainerItemProxy section */
		0C3E4D37164B6C2100562F13 /* PBXContainerItemProxy */ = {
			isa = PBXContainerItemProxy;
			containerPortal = 0C3E4D02164B6C2000562F13 /* Project object */;
			proxyType = 1;
			remoteGlobalIDString = 0C3E4D0A164B6C2000562F13;
			remoteInfo = computer;
		};
/* End PBXContainerItemProxy section */

/* Begin PBXFileReference section */
		0C3E4D0B164B6C2000562F13 /* computer.app */ = {isa = PBXFileReference; explicitFileType = wrapper.application; includeInIndex = 0; path = computer.app; sourceTree = BUILT_PRODUCTS_DIR; };
		0C3E4D0F164B6C2000562F13 /* UIKit.framework */ = {isa = PBXFileReference; lastKnownFileType = wrapper.framework; name = UIKit.framework; path = System/Library/Frameworks/UIKit.framework; sourceTree = SDKROOT; };
		0C3E4D11164B6C2000562F13 /* Foundation.framework */ = {isa = PBXFileReference; lastKnownFileType = wrapper.framework; name = Foundation.framework; path = System/Library/Frameworks/Foundation.framework; sourceTree = SDKROOT; };
		0C3E4D13164B6C2000562F13 /* CoreGraphics.framework */ = {isa = PBXFileReference; lastKnownFileType = wrapper.framework; name = CoreGraphics.framework; path = System/Library/Frameworks/CoreGraphics.framework; sourceTree = SDKROOT; };
		0C3E4D17164B6C2000562F13 /* computer-Info.plist */ = {isa = PBXFileReference; lastKnownFileType = text.plist.xml; path = "computer-Info.plist"; sourceTree = "<group>"; };
		0C3E4D19164B6C2000562F13 /* en */ = {isa = PBXFileReference; lastKnownFileType = text.plist.strings; name = en; path = en.lproj/InfoPlist.strings; sourceTree = "<group>"; };
		0C3E4D1B164B6C2000562F13 /* main.m */ = {isa = PBXFileReference; lastKnownFileType = sourcecode.c.objc; path = main.m; sourceTree = "<group>"; };
		0C3E4D1D164B6C2000562F13 /* computer-Prefix.pch */ = {isa = PBXFileReference; lastKnownFileType = sourcecode.c.h; path = "computer-Prefix.pch"; sourceTree = "<group>"; };
		0C3E4D1E164B6C2000562F13 /* kitakyuAppDelegate.h */ = {isa = PBXFileReference; lastKnownFileType = sourcecode.c.h; path = kitakyuAppDelegate.h; sourceTree = "<group>"; };
		0C3E4D1F164B6C2000562F13 /* kitakyuAppDelegate.m */ = {isa = PBXFileReference; lastKnownFileType = sourcecode.c.objc; path = kitakyuAppDelegate.m; sourceTree = "<group>"; };
		0C3E4D21164B6C2000562F13 /* Default.png */ = {isa = PBXFileReference; lastKnownFileType = image.png; path = Default.png; sourceTree = "<group>"; };
		0C3E4D23164B6C2000562F13 /* Default@2x.png */ = {isa = PBXFileReference; lastKnownFileType = image.png; path = "Default@2x.png"; sourceTree = "<group>"; };
		0C3E4D25164B6C2000562F13 /* Default-568h@2x.png */ = {isa = PBXFileReference; lastKnownFileType = image.png; path = "Default-568h@2x.png"; sourceTree = "<group>"; };
		0C3E4D28164B6C2100562F13 /* en */ = {isa = PBXFileReference; lastKnownFileType = file.storyboard; name = en; path = en.lproj/MainStoryboard.storyboard; sourceTree = "<group>"; };
		0C3E4D2A164B6C2100562F13 /* kitakyuViewController.h */ = {isa = PBXFileReference; lastKnownFileType = sourcecode.c.h; path = kitakyuViewController.h; sourceTree = "<group>"; };
		0C3E4D2B164B6C2100562F13 /* kitakyuViewController.m */ = {isa = PBXFileReference; lastKnownFileType = sourcecode.c.objc; path = kitakyuViewController.m; sourceTree = "<group>"; };
		0C3E4D32164B6C2100562F13 /* computerTests.octest */ = {isa = PBXFileReference; explicitFileType = wrapper.cfbundle; includeInIndex = 0; path = computerTests.octest; sourceTree = BUILT_PRODUCTS_DIR; };
		0C3E4D33164B6C2100562F13 /* SenTestingKit.framework */ = {isa = PBXFileReference; lastKnownFileType = wrapper.framework; name = SenTestingKit.framework; path = Library/Frameworks/SenTestingKit.framework; sourceTree = DEVELOPER_DIR; };
		0C3E4D3B164B6C2100562F13 /* computerTests-Info.plist */ = {isa = PBXFileReference; lastKnownFileType = text.plist.xml; path = "computerTests-Info.plist"; sourceTree = "<group>"; };
		0C3E4D3D164B6C2100562F13 /* en */ = {isa = PBXFileReference; lastKnownFileType = text.plist.strings; name = en; path = en.lproj/InfoPlist.strings; sourceTree = "<group>"; };
		0C3E4D3F164B6C2100562F13 /* computerTests.h */ = {isa = PBXFileReference; lastKnownFileType = sourcecode.c.h; path = computerTests.h; sourceTree = "<group>"; };
		0C3E4D40164B6C2100562F13 /* computerTests.m */ = {isa = PBXFileReference; lastKnownFileType = sourcecode.c.objc; path = computerTests.m; sourceTree = "<group>"; };
/* End PBXFileReference section */

/* Begin PBXFrameworksBuildPhase section */
		0C3E4D08164B6C2000562F13 /* Frameworks */ = {
			isa = PBXFrameworksBuildPhase;
			buildActionMask = 2147483647;
			files = (
				0C3E4D10164B6C2000562F13 /* UIKit.framework in Frameworks */,
				0C3E4D12164B6C2000562F13 /* Foundation.framework in Frameworks */,
				0C3E4D14164B6C2000562F13 /* CoreGraphics.framework in Frameworks */,
			);
			runOnlyForDeploymentPostprocessing = 0;
		};
		0C3E4D2E164B6C2100562F13 /* Frameworks */ = {
			isa = PBXFrameworksBuildPhase;
			buildActionMask = 2147483647;
			files = (
				0C3E4D34164B6C2100562F13 /* SenTestingKit.framework in Frameworks */,
				0C3E4D35164B6C2100562F13 /* UIKit.framework in Frameworks */,
				0C3E4D36164B6C2100562F13 /* Foundation.framework in Frameworks */,
			);
			runOnlyForDeploymentPostprocessing = 0;
		};
/* End PBXFrameworksBuildPhase section */

/* Begin PBXGroup section */
		0C3E4D00164B6C2000562F13 = {
			isa = PBXGroup;
			children = (
				0C3E4D15164B6C2000562F13 /* computer */,
				0C3E4D39164B6C2100562F13 /* computerTests */,
				0C3E4D0E164B6C2000562F13 /* Frameworks */,
				0C3E4D0C164B6C2000562F13 /* Products */,
			);
			sourceTree = "<group>";
		};
		0C3E4D0C164B6C2000562F13 /* Products */ = {
			isa = PBXGroup;
			children = (
				0C3E4D0B164B6C2000562F13 /* computer.app */,
				0C3E4D32164B6C2100562F13 /* computerTests.octest */,
			);
			name = Products;
			sourceTree = "<group>";
		};
		0C3E4D0E164B6C2000562F13 /* Frameworks */ = {
			isa = PBXGroup;
			children = (
				0C3E4D0F164B6C2000562F13 /* UIKit.framework */,
				0C3E4D11164B6C2000562F13 /* Foundation.framework */,
				0C3E4D13164B6C2000562F13 /* CoreGraphics.framework */,
				0C3E4D33164B6C2100562F13 /* SenTestingKit.framework */,
			);
			name = Frameworks;
			sourceTree = "<group>";
		};
		0C3E4D15164B6C2000562F13 /* computer */ = {
			isa = PBXGroup;
			children = (
				0C3E4D1E164B6C2000562F13 /* kitakyuAppDelegate.h */,
				0C3E4D1F164B6C2000562F13 /* kitakyuAppDelegate.m */,
				0C3E4D27164B6C2100562F13 /* MainStoryboard.storyboard */,
				0C3E4D2A164B6C2100562F13 /* kitakyuViewController.h */,
				0C3E4D2B164B6C2100562F13 /* kitakyuViewController.m */,
				0C3E4D16164B6C2000562F13 /* Supporting Files */,
			);
			path = computer;
			sourceTree = "<group>";
		};
		0C3E4D16164B6C2000562F13 /* Supporting Files */ = {
			isa = PBXGroup;
			children = (
				0C3E4D17164B6C2000562F13 /* computer-Info.plist */,
				0C3E4D18164B6C2000562F13 /* InfoPlist.strings */,
				0C3E4D1B164B6C2000562F13 /* main.m */,
				0C3E4D1D164B6C2000562F13 /* computer-Prefix.pch */,
				0C3E4D21164B6C2000562F13 /* Default.png */,
				0C3E4D23164B6C2000562F13 /* Default@2x.png */,
				0C3E4D25164B6C2000562F13 /* Default-568h@2x.png */,
			);
			name = "Supporting Files";
			sourceTree = "<group>";
		};
		0C3E4D39164B6C2100562F13 /* computerTests */ = {
			isa = PBXGroup;
			children = (
				0C3E4D3F164B6C2100562F13 /* computerTests.h */,
				0C3E4D40164B6C2100562F13 /* computerTests.m */,
				0C3E4D3A164B6C2100562F13 /* Supporting Files */,
			);
			path = computerTests;
			sourceTree = "<group>";
		};
		0C3E4D3A164B6C2100562F13 /* Supporting Files */ = {
			isa = PBXGroup;
			children = (
				0C3E4D3B164B6C2100562F13 /* computerTests-Info.plist */,
				0C3E4D3C164B6C2100562F13 /* InfoPlist.strings */,
			);
			name = "Supporting Files";
			sourceTree = "<group>";
		};
/* End PBXGroup section */

/* Begin PBXNativeTarget section */
		0C3E4D0A164B6C2000562F13 /* computer */ = {
			isa = PBXNativeTarget;
			buildConfigurationList = 0C3E4D44164B6C2100562F13 /* Build configuration list for PBXNativeTarget "computer" */;
			buildPhases = (
				0C3E4D07164B6C2000562F13 /* Sources */,
				0C3E4D08164B6C2000562F13 /* Frameworks */,
				0C3E4D09164B6C2000562F13 /* Resources */,
			);
			buildRules = (
			);
			dependencies = (
			);
			name = computer;
			productName = computer;
			productReference = 0C3E4D0B164B6C2000562F13 /* computer.app */;
			productType = "com.apple.product-type.application";
		};
		0C3E4D31164B6C2100562F13 /* computerTests */ = {
			isa = PBXNativeTarget;
			buildConfigurationList = 0C3E4D47164B6C2100562F13 /* Build configuration list for PBXNativeTarget "computerTests" */;
			buildPhases = (
				0C3E4D2D164B6C2100562F13 /* Sources */,
				0C3E4D2E164B6C2100562F13 /* Frameworks */,
				0C3E4D2F164B6C2100562F13 /* Resources */,
				0C3E4D30164B6C2100562F13 /* ShellScript */,
			);
			buildRules = (
			);
			dependencies = (
				0C3E4D38164B6C2100562F13 /* PBXTargetDependency */,
			);
			name = computerTests;
			productName = computerTests;
			productReference = 0C3E4D32164B6C2100562F13 /* computerTests.octest */;
			productType = "com.apple.product-type.bundle";
		};
/* End PBXNativeTarget section */

/* Begin PBXProject section */
		0C3E4D02164B6C2000562F13 /* Project object */ = {
			isa = PBXProject;
			attributes = {
				CLASSPREFIX = kitakyu;
				LastUpgradeCheck = 0450;
				ORGANIZATIONNAME = kitakyu;
			};
			buildConfigurationList = 0C3E4D05164B6C2000562F13 /* Build configuration list for PBXProject "computer" */;
			compatibilityVersion = "Xcode 3.2";
			developmentRegion = English;
			hasScannedForEncodings = 0;
			knownRegions = (
				en,
			);
			mainGroup = 0C3E4D00164B6C2000562F13;
			productRefGroup = 0C3E4D0C164B6C2000562F13 /* Products */;
			projectDirPath = "";
			projectRoot = "";
			targets = (
				0C3E4D0A164B6C2000562F13 /* computer */,
				0C3E4D31164B6C2100562F13 /* computerTests */,
			);
		};
/* End PBXProject section */

/* Begin PBXResourcesBuildPhase section */
		0C3E4D09164B6C2000562F13 /* Resources */ = {
			isa = PBXResourcesBuildPhase;
			buildActionMask = 2147483647;
			files = (
				0C3E4D1A164B6C2000562F13 /* InfoPlist.strings in Resources */,
				0C3E4D22164B6C2000562F13 /* Default.png in Resources */,
				0C3E4D24164B6C2000562F13 /* Default@2x.png in Resources */,
				0C3E4D26164B6C2000562F13 /* Default-568h@2x.png in Resources */,
				0C3E4D29164B6C2100562F13 /* MainStoryboard.storyboard in Resources */,
			);
			runOnlyForDeploymentPostprocessing = 0;
		};
		0C3E4D2F164B6C2100562F13 /* Resources */ = {
			isa = PBXResourcesBuildPhase;
			buildActionMask = 2147483647;
			files = (
				0C3E4D3E164B6C2100562F13 /* InfoPlist.strings in Resources */,
			);
			runOnlyForDeploymentPostprocessing = 0;
		};
/* End PBXResourcesBuildPhase section */

/* Begin PBXShellScriptBuildPhase section */
		0C3E4D30164B6C2100562F13 /* ShellScript */ = {
			isa = PBXShellScriptBuildPhase;
			buildActionMask = 2147483647;
			files = (
			);
			inputPaths = (
			);
			outputPaths = (
			);
			runOnlyForDeploymentPostprocessing = 0;
			shellPath = /bin/sh;
			shellScript = "# Run the unit tests in this test bundle.\n\"${SYSTEM_DEVELOPER_DIR}/Tools/RunUnitTests\"\n";
		};
/* End PBXShellScriptBuildPhase section */

/* Begin PBXSourcesBuildPhase section */
		0C3E4D07164B6C2000562F13 /* Sources */ = {
			isa = PBXSourcesBuildPhase;
			buildActionMask = 2147483647;
			files = (
				0C3E4D1C164B6C2000562F13 /* main.m in Sources */,
				0C3E4D20164B6C2000562F13 /* kitakyuAppDelegate.m in Sources */,
				0C3E4D2C164B6C2100562F13 /* kitakyuViewController.m in Sources */,
			);
			runOnlyForDeploymentPostprocessing = 0;
		};
		0C3E4D2D164B6C2100562F13 /* Sources */ = {
			isa = PBXSourcesBuildPhase;
			buildActionMask = 2147483647;
			files = (
				0C3E4D41164B6C2100562F13 /* computerTests.m in Sources */,
			);
			runOnlyForDeploymentPostprocessing = 0;
		};
/* End PBXSourcesBuildPhase section */

/* Begin PBXTargetDependency section */
		0C3E4D38164B6C2100562F13 /* PBXTargetDependency */ = {
			isa = PBXTargetDependency;
			target = 0C3E4D0A164B6C2000562F13 /* computer */;
			targetProxy = 0C3E4D37164B6C2100562F13 /* PBXContainerItemProxy */;
		};
/* End PBXTargetDependency section */

/* Begin PBXVariantGroup section */
		0C3E4D18164B6C2000562F13 /* InfoPlist.strings */ = {
			isa = PBXVariantGroup;
			children = (
				0C3E4D19164B6C2000562F13 /* en */,
			);
			name = InfoPlist.strings;
			sourceTree = "<group>";
		};
		0C3E4D27164B6C2100562F13 /* MainStoryboard.storyboard */ = {
			isa = PBXVariantGroup;
			children = (
				0C3E4D28164B6C2100562F13 /* en */,
			);
			name = MainStoryboard.storyboard;
			sourceTree = "<group>";
		};
		0C3E4D3C164B6C2100562F13 /* InfoPlist.strings */ = {
			isa = PBXVariantGroup;
			children = (
				0C3E4D3D164B6C2100562F13 /* en */,
			);
			name = InfoPlist.strings;
			sourceTree = "<group>";
		};
/* End PBXVariantGroup section */

/* Begin XCBuildConfiguration section */
		0C3E4D42164B6C2100562F13 /* Debug */ = {
			isa = XCBuildConfiguration;
			buildSettings = {
				ALWAYS_SEARCH_USER_PATHS = NO;
				CLANG_CXX_LANGUAGE_STANDARD = "gnu++0x";
				CLANG_CXX_LIBRARY = "libc++";
				CLANG_ENABLE_OBJC_ARC = YES;
				CLANG_WARN_EMPTY_BODY = YES;
				CLANG_WARN__DUPLICATE_METHOD_MATCH = YES;
				"CODE_SIGN_IDENTITY[sdk=iphoneos*]" = "iPhone Developer";
				COPY_PHASE_STRIP = NO;
				GCC_C_LANGUAGE_STANDARD = gnu99;
				GCC_DYNAMIC_NO_PIC = NO;
				GCC_OPTIMIZATION_LEVEL = 0;
				GCC_PREPROCESSOR_DEFINITIONS = (
					"DEBUG=1",
					"$(inherited)",
				);
				GCC_SYMBOLS_PRIVATE_EXTERN = NO;
				GCC_WARN_ABOUT_RETURN_TYPE = YES;
				GCC_WARN_UNINITIALIZED_AUTOS = YES;
				GCC_WARN_UNUSED_VARIABLE = YES;
				IPHONEOS_DEPLOYMENT_TARGET = 6.0;
				SDKROOT = iphoneos;
			};
			name = Debug;
		};
		0C3E4D43164B6C2100562F13 /* Release */ = {
			isa = XCBuildConfiguration;
			buildSettings = {
				ALWAYS_SEARCH_USER_PATHS = NO;
				CLANG_CXX_LANGUAGE_STANDARD = "gnu++0x";
				CLANG_CXX_LIBRARY = "libc++";
				CLANG_ENABLE_OBJC_ARC = YES;
				CLANG_WARN_EMPTY_BODY = YES;
				CLANG_WARN__DUPLICATE_METHOD_MATCH = YES;
				"CODE_SIGN_IDENTITY[sdk=iphoneos*]" = "iPhone Developer";
				COPY_PHASE_STRIP = YES;
				GCC_C_LANGUAGE_STANDARD = gnu99;
				GCC_WARN_ABOUT_RETURN_TYPE = YES;
				GCC_WARN_UNINITIALIZED_AUTOS = YES;
				GCC_WARN_UNUSED_VARIABLE = YES;
				IPHONEOS_DEPLOYMENT_TARGET = 6.0;
				OTHER_CFLAGS = "-DNS_BLOCK_ASSERTIONS=1";
				SDKROOT = iphoneos;
				VALIDATE_PRODUCT = YES;
			};
			name = Release;
		};
		0C3E4D45164B6C2100562F13 /* Debug */ = {
			isa = XCBuildConfiguration;
			buildSettings = {
				GCC_PRECOMPILE_PREFIX_HEADER = YES;
				GCC_PREFIX_HEADER = "computer/computer-Prefix.pch";
				INFOPLIST_FILE = "computer/computer-Info.plist";
				PRODUCT_NAME = "$(TARGET_NAME)";
				WRAPPER_EXTENSION = app;
			};
			name = Debug;
		};
		0C3E4D46164B6C2100562F13 /* Release */ = {
			isa = XCBuildConfiguration;
			buildSettings = {
				GCC_PRECOMPILE_PREFIX_HEADER = YES;
				GCC_PREFIX_HEADER = "computer/computer-Prefix.pch";
				INFOPLIST_FILE = "computer/computer-Info.plist";
				PRODUCT_NAME = "$(TARGET_NAME)";
				WRAPPER_EXTENSION = app;
			};
			name = Release;
		};
		0C3E4D48164B6C2100562F13 /* Debug */ = {
			isa = XCBuildConfiguration;
			buildSettings = {
				BUNDLE_LOADER = "$(BUILT_PRODUCTS_DIR)/computer.app/computer";
				FRAMEWORK_SEARCH_PATHS = (
					"\"$(SDKROOT)/Developer/Library/Frameworks\"",
					"\"$(DEVELOPER_LIBRARY_DIR)/Frameworks\"",
				);
				GCC_PRECOMPILE_PREFIX_HEADER = YES;
				GCC_PREFIX_HEADER = "computer/computer-Prefix.pch";
				INFOPLIST_FILE = "computerTests/computerTests-Info.plist";
				PRODUCT_NAME = "$(TARGET_NAME)";
				TEST_HOST = "$(BUNDLE_LOADER)";
				WRAPPER_EXTENSION = octest;
			};
			name = Debug;
		};
		0C3E4D49164B6C2100562F13 /* Release */ = {
			isa = XCBuildConfiguration;
			buildSettings = {
				BUNDLE_LOADER = "$(BUILT_PRODUCTS_DIR)/computer.app/computer";
				FRAMEWORK_SEARCH_PATHS = (
					"\"$(SDKROOT)/Developer/Library/Frameworks\"",
					"\"$(DEVELOPER_LIBRARY_DIR)/Frameworks\"",
				);
				GCC_PRECOMPILE_PREFIX_HEADER = YES;
				GCC_PREFIX_HEADER = "computer/computer-Prefix.pch";
				INFOPLIST_FILE = "computerTests/computerTests-Info.plist";
				PRODUCT_NAME = "$(TARGET_NAME)";
				TEST_HOST = "$(BUNDLE_LOADER)";
				WRAPPER_EXTENSION = octest;
			};
			name = Release;
		};
/* End XCBuildConfiguration section */

/* Begin XCConfigurationList section */
		0C3E4D05164B6C2000562F13 /* Build configuration list for PBXProject "computer" */ = {
			isa = XCConfigurationList;
			buildConfigurations = (
				0C3E4D42164B6C2100562F13 /* Debug */,
				0C3E4D43164B6C2100562F13 /* Release */,
			);
			defaultConfigurationIsVisible = 0;
			defaultConfigurationName = Release;
		};
		0C3E4D44164B6C2100562F13 /* Build configuration list for PBXNativeTarget "computer" */ = {
			isa = XCConfigurationList;
			buildConfigurations = (
				0C3E4D45164B6C2100562F13 /* Debug */,
				0C3E4D46164B6C2100562F13 /* Release */,
			);
			defaultConfigurationIsVisible = 0;
		};
		0C3E4D47164B6C2100562F13 /* Build configuration list for PBXNativeTarget "computerTests" */ = {
			isa = XCConfigurationList;
			buildConfigurations = (
				0C3E4D48164B6C2100562F13 /* Debug */,
				0C3E4D49164B6C2100562F13 /* Release */,
			);
			defaultConfigurationIsVisible = 0;
		};
/* End XCConfigurationList section */
	};
	rootObject = 0C3E4D02164B6C2000562F13 /* Project object */;
}
